
Microsoft Visual Studio Solution File, Format Version 12.00
# Visual Studio Version 16
VisualStudioVersion = 16.0.809.1
MinimumVisualStudioVersion = 10.0.40219.1
Project("{FAE04EC0-301F-11D3-BF4B-00C04F79EFBC}") = "ncu-clinicalbot-akko", "ncu-clinicalbot-akko\ncu-clinicalbot-akko.csproj", "{7531407D-4F5F-4E13-8D91-30255BE42BB3}"
EndProject
Global
	GlobalSection(SolutionConfigurationPlatforms) = preSolution
		Debug|Any CPU = Debug|Any CPU
		Release|Any CPU = Release|Any CPU
	EndGlobalSection
	GlobalSection(ProjectConfigurationPlatforms) = postSolution
		{7531407D-4F5F-4E13-8D91-30255BE42BB3}.Debug|Any CPU.ActiveCfg = Debug|Any CPU
		{7531407D-4F5F-4E13-8D91-30255BE42BB3}.Debug|Any CPU.Build.0 = Debug|Any CPU
		{7531407D-4F5F-4E13-8D91-30255BE42BB3}.Release|Any CPU.ActiveCfg = Release|Any CPU
		{7531407D-4F5F-4E13-8D91-30255BE42BB3}.Release|Any CPU.Build.0 = Release|Any CPU
	EndGlobalSection
	GlobalSection(SolutionProperties) = preSolution
		HideSolutionNode = FALSE
	EndGlobalSection
	GlobalSection(ExtensibilityGlobals) = postSolution
		SolutionGuid = {8CA36FA0-99F4-4229-9415-77FF8FDAEE87}
	EndGlobalSection
EndGlobal
